
Microsoft Visual Studio Solution File, Format Version 12.00
Project("{FAE04EC0-301F-11D3-BF4B-00C04F79EFBC}") = "Api", "src\Api\Api.csproj", "{48BF69E9-94E3-4FF1-9397-DC1A56233B85}"
EndProject
Project("{FAE04EC0-301F-11D3-BF4B-00C04F79EFBC}") = "Domain", "src\Domain\Domain.csproj", "{5963C313-08A1-4EEC-B41A-E8F14C2549A8}"
EndProject
Project("{FAE04EC0-301F-11D3-BF4B-00C04F79EFBC}") = "Infrastructure", "src\Infrastructure\Infrastructure.csproj", "{05AD44D8-EB92-46AA-AA93-6F44268EA44E}"
EndProject
Project("{FAE04EC0-301F-11D3-BF4B-00C04F79EFBC}") = "Core", "src\Core\Core.csproj", "{987691E3-869C-4783-8021-E46D21F03870}"
EndProject
Project("{2150E333-8FDC-42A3-9474-1A3956D46DE8}") = "src", "src", "{1003D077-AFD9-47AD-A2AE-98EDCDEA81F7}"
EndProject
Project("{2150E333-8FDC-42A3-9474-1A3956D46DE8}") = "test", "test", "{38A0C02E-FEDA-456D-864B-4D2B18E794AA}"
EndProject
Project("{FAE04EC0-301F-11D3-BF4B-00C04F79EFBC}") = "Domain.Tests", "test\Domain.Tests\Domain.Tests.csproj", "{B970C283-EC3B-4416-AFA8-2C889B9666D6}"
EndProject
Global
	GlobalSection(SolutionConfigurationPlatforms) = preSolution
		Debug|Any CPU = Debug|Any CPU
		Release|Any CPU = Release|Any CPU
	EndGlobalSection
	GlobalSection(ProjectConfigurationPlatforms) = postSolution
		{48BF69E9-94E3-4FF1-9397-DC1A56233B85}.Debug|Any CPU.ActiveCfg = Debug|Any CPU
		{48BF69E9-94E3-4FF1-9397-DC1A56233B85}.Debug|Any CPU.Build.0 = Debug|Any CPU
		{48BF69E9-94E3-4FF1-9397-DC1A56233B85}.Release|Any CPU.ActiveCfg = Release|Any CPU
		{48BF69E9-94E3-4FF1-9397-DC1A56233B85}.Release|Any CPU.Build.0 = Release|Any CPU
		{5963C313-08A1-4EEC-B41A-E8F14C2549A8}.Debug|Any CPU.ActiveCfg = Debug|Any CPU
		{5963C313-08A1-4EEC-B41A-E8F14C2549A8}.Debug|Any CPU.Build.0 = Debug|Any CPU
		{5963C313-08A1-4EEC-B41A-E8F14C2549A8}.Release|Any CPU.ActiveCfg = Release|Any CPU
		{5963C313-08A1-4EEC-B41A-E8F14C2549A8}.Release|Any CPU.Build.0 = Release|Any CPU
		{05AD44D8-EB92-46AA-AA93-6F44268EA44E}.Debug|Any CPU.ActiveCfg = Debug|Any CPU
		{05AD44D8-EB92-46AA-AA93-6F44268EA44E}.Debug|Any CPU.Build.0 = Debug|Any CPU
		{05AD44D8-EB92-46AA-AA93-6F44268EA44E}.Release|Any CPU.ActiveCfg = Release|Any CPU
		{05AD44D8-EB92-46AA-AA93-6F44268EA44E}.Release|Any CPU.Build.0 = Release|Any CPU
		{987691E3-869C-4783-8021-E46D21F03870}.Debug|Any CPU.ActiveCfg = Debug|Any CPU
		{987691E3-869C-4783-8021-E46D21F03870}.Debug|Any CPU.Build.0 = Debug|Any CPU
		{987691E3-869C-4783-8021-E46D21F03870}.Release|Any CPU.ActiveCfg = Release|Any CPU
		{987691E3-869C-4783-8021-E46D21F03870}.Release|Any CPU.Build.0 = Release|Any CPU
		{B970C283-EC3B-4416-AFA8-2C889B9666D6}.Debug|Any CPU.ActiveCfg = Debug|Any CPU
		{B970C283-EC3B-4416-AFA8-2C889B9666D6}.Debug|Any CPU.Build.0 = Debug|Any CPU
		{B970C283-EC3B-4416-AFA8-2C889B9666D6}.Release|Any CPU.ActiveCfg = Release|Any CPU
		{B970C283-EC3B-4416-AFA8-2C889B9666D6}.Release|Any CPU.Build.0 = Release|Any CPU
	EndGlobalSection
	GlobalSection(NestedProjects) = preSolution
		{48BF69E9-94E3-4FF1-9397-DC1A56233B85} = {1003D077-AFD9-47AD-A2AE-98EDCDEA81F7}
		{987691E3-869C-4783-8021-E46D21F03870} = {1003D077-AFD9-47AD-A2AE-98EDCDEA81F7}
		{5963C313-08A1-4EEC-B41A-E8F14C2549A8} = {1003D077-AFD9-47AD-A2AE-98EDCDEA81F7}
		{05AD44D8-EB92-46AA-AA93-6F44268EA44E} = {1003D077-AFD9-47AD-A2AE-98EDCDEA81F7}
		{B970C283-EC3B-4416-AFA8-2C889B9666D6} = {38A0C02E-FEDA-456D-864B-4D2B18E794AA}
	EndGlobalSection
EndGlobal
